{
  "version": 4,
  "terraform_version": "1.5.7",
  "serial": 11,
  "lineage": "afc53a6b-d8e4-960c-8e28-748c769fcacd",
  "outputs": {},
  "resources": [
    {
      "module": "module.vm1",
      "mode": "data",
      "type": "azurerm_ssh_public_key",
      "name": "ssh-key",
      "provider": "provider[\"registry.terraform.io/hashicorp/azurerm\"]",
      "instances": [
        {
          "schema_version": 0,
          "attributes": {
            "id": "/subscriptions/e0b47bea-67c1-44d3-a3ae-a494d59ab222/resourceGroups/fabio-rg/providers/Microsoft.Compute/sshPublicKeys/fabio",
            "name": "fabio",
            "public_key": "ssh-rsa AAAAB3NzaC1yc2EAAAADAQABAAABgQC+X7AteJw5Ty+RGj5xR5IPp61hlc5y5qiIzl370PH8ZGgq6dQoFpCT/L+VtKxRXd96TNcoetj9Wu6JCTp4mxrBcpoYjpP9c7ItgwPPd29wwlhgb1VGU9ZXGlDAlJnSLNlorwgClIsp6C+xVTvK8RreTDDly9lQUUhwtPqen66on7TkDcxaS4eGP99awtkNhc1x50mKt6MmIZiqZ7623Ke6BqcyqiI95pB0CmpIBVbXipLYAxgVhAJ4q/mQqz+Pd9NPgvjG117rlowJw8s/azmGze5aKein5gCykxEGZC/8hPYeYJo5gvXZEB2bOPi4kTFrl+0jMO6bP0T9Bh+KRiFvnsZi8PEXJrdmymTMXvMLhLwR+cBEh3bfALDcXdJGTVEFHYnLwuO3cMf1s83M9scMlqyAq5BpJHxnmGsEeGkwg4lKwGR3fFfvR/mVR2p24tqDbKdeLGH8/fe2Fw0NIqauAXp37JlM6cuRS2MDW7hDDPg63ryXbGfdIA5TWox0XZ0= generated-by-azure",
            "resource_group_name": "fabio-rg",
            "tags": {},
            "timeouts": null
          },
          "sensitive_attributes": []
        }
      ]
    },
    {
      "module": "module.vm1",
      "mode": "managed",
      "type": "azurerm_linux_virtual_machine",
      "name": "myterraformvm",
      "provider": "provider[\"registry.terraform.io/hashicorp/azurerm\"]",
      "instances": [
        {
          "schema_version": 0,
          "attributes": {
            "additional_capabilities": [],
            "admin_password": null,
            "admin_ssh_key": [
              {
                "public_key": "ssh-rsa AAAAB3NzaC1yc2EAAAADAQABAAABgQC+X7AteJw5Ty+RGj5xR5IPp61hlc5y5qiIzl370PH8ZGgq6dQoFpCT/L+VtKxRXd96TNcoetj9Wu6JCTp4mxrBcpoYjpP9c7ItgwPPd29wwlhgb1VGU9ZXGlDAlJnSLNlorwgClIsp6C+xVTvK8RreTDDly9lQUUhwtPqen66on7TkDcxaS4eGP99awtkNhc1x50mKt6MmIZiqZ7623Ke6BqcyqiI95pB0CmpIBVbXipLYAxgVhAJ4q/mQqz+Pd9NPgvjG117rlowJw8s/azmGze5aKein5gCykxEGZC/8hPYeYJo5gvXZEB2bOPi4kTFrl+0jMO6bP0T9Bh+KRiFvnsZi8PEXJrdmymTMXvMLhLwR+cBEh3bfALDcXdJGTVEFHYnLwuO3cMf1s83M9scMlqyAq5BpJHxnmGsEeGkwg4lKwGR3fFfvR/mVR2p24tqDbKdeLGH8/fe2Fw0NIqauAXp37JlM6cuRS2MDW7hDDPg63ryXbGfdIA5TWox0XZ0= generated-by-azure",
                "username": "azureuser"
              }
            ],
            "admin_username": "azureuser",
            "allow_extension_operations": true,
            "availability_set_id": "",
            "boot_diagnostics": [
              {
                "storage_account_uri": "https://diagcf5b9d5eb41c0001.blob.core.windows.net/"
              }
            ],
            "bypass_platform_safety_checks_on_user_schedule_enabled": false,
            "capacity_reservation_group_id": "",
            "computer_name": "myVm1",
            "custom_data": null,
            "dedicated_host_group_id": "",
            "dedicated_host_id": "",
            "disable_password_authentication": true,
            "edge_zone": "",
            "encryption_at_host_enabled": false,
            "eviction_policy": "",
            "extensions_time_budget": "PT1H30M",
            "gallery_application": [],
            "id": "/subscriptions/e0b47bea-67c1-44d3-a3ae-a494d59ab222/resourceGroups/saurabh-rg/providers/Microsoft.Compute/virtualMachines/myVm1",
            "identity": [],
            "license_type": "",
            "location": "westeurope",
            "max_bid_price": -1,
            "name": "myVm1",
            "network_interface_ids": [
              "/subscriptions/e0b47bea-67c1-44d3-a3ae-a494d59ab222/resourceGroups/saurabh-rg/providers/Microsoft.Network/networkInterfaces/myNic"
            ],
            "os_disk": [
              {
                "caching": "ReadWrite",
                "diff_disk_settings": [],
                "disk_encryption_set_id": "",
                "disk_size_gb": 30,
                "name": "myOsDisk",
                "secure_vm_disk_encryption_set_id": "",
                "security_encryption_type": "",
                "storage_account_type": "Premium_LRS",
                "write_accelerator_enabled": false
              }
            ],
            "patch_assessment_mode": "ImageDefault",
            "patch_mode": "ImageDefault",
            "plan": [],
            "platform_fault_domain": -1,
            "priority": "Regular",
            "private_ip_address": "10.0.2.4",
            "private_ip_addresses": [
              "10.0.2.4"
            ],
            "provision_vm_agent": true,
            "proximity_placement_group_id": "",
            "public_ip_address": "4.180.174.50",
            "public_ip_addresses": [
              "4.180.174.50"
            ],
            "reboot_setting": "",
            "resource_group_name": "saurabh-rg",
            "secret": [],
            "secure_boot_enabled": false,
            "size": "Standard_DS1_v2",
            "source_image_id": "",
            "source_image_reference": [
              {
                "offer": "UbuntuServer",
                "publisher": "Canonical",
                "sku": "18.04-LTS",
                "version": "latest"
              }
            ],
            "tags": {
              "env": "test"
            },
            "termination_notification": null,
            "timeouts": null,
            "user_data": "",
            "virtual_machine_id": "955a2f9c-ec52-4a4a-9888-792ea26e7a1e",
            "virtual_machine_scale_set_id": "",
            "vtpm_enabled": false,
            "zone": ""
          },
          "sensitive_attributes": [],
          "private": "eyJlMmJmYjczMC1lY2FhLTExZTYtOGY4OC0zNDM2M2JjN2M0YzAiOnsiY3JlYXRlIjoyNzAwMDAwMDAwMDAwLCJkZWxldGUiOjI3MDAwMDAwMDAwMDAsInJlYWQiOjMwMDAwMDAwMDAwMCwidXBkYXRlIjoyNzAwMDAwMDAwMDAwfX0=",
          "dependencies": [
            "module.vm1.azurerm_network_interface.myterraformnic",
            "module.vm1.azurerm_public_ip.myterraformpublicip",
            "module.vm1.azurerm_resource_group.myterraformgroup",
            "module.vm1.azurerm_storage_account.mystorageaccount",
            "module.vm1.azurerm_subnet.myterraformsubnet",
            "module.vm1.azurerm_virtual_network.myterraformnetwork",
            "module.vm1.data.azurerm_ssh_public_key.ssh-key",
            "module.vm1.random_id.randomId"
          ]
        }
      ]
    },
    {
      "module": "module.vm1",
      "mode": "managed",
      "type": "azurerm_network_interface",
      "name": "myterraformnic",
      "provider": "provider[\"registry.terraform.io/hashicorp/azurerm\"]",
      "instances": [
        {
          "schema_version": 0,
          "attributes": {
            "applied_dns_servers": [],
            "dns_servers": [],
            "edge_zone": "",
            "enable_accelerated_networking": false,
            "enable_ip_forwarding": false,
            "id": "/subscriptions/e0b47bea-67c1-44d3-a3ae-a494d59ab222/resourceGroups/saurabh-rg/providers/Microsoft.Network/networkInterfaces/myNic",
            "internal_dns_name_label": "",
            "internal_domain_name_suffix": "tjc4hzl4sslenjyiux5c2my4ve.ax.internal.cloudapp.net",
            "ip_configuration": [
              {
                "gateway_load_balancer_frontend_ip_configuration_id": "",
                "name": "myNicConfiguration",
                "primary": true,
                "private_ip_address": "10.0.2.4",
                "private_ip_address_allocation": "Dynamic",
                "private_ip_address_version": "IPv4",
                "public_ip_address_id": "/subscriptions/e0b47bea-67c1-44d3-a3ae-a494d59ab222/resourceGroups/saurabh-rg/providers/Microsoft.Network/publicIPAddresses/myPublicIpAddress",
                "subnet_id": "/subscriptions/e0b47bea-67c1-44d3-a3ae-a494d59ab222/resourceGroups/saurabh-rg/providers/Microsoft.Network/virtualNetworks/myVnet/subnets/mySubnet"
              }
            ],
            "location": "westeurope",
            "mac_address": "",
            "name": "myNic",
            "private_ip_address": "10.0.2.4",
            "private_ip_addresses": [
              "10.0.2.4"
            ],
            "resource_group_name": "saurabh-rg",
            "tags": {
              "env": "test"
            },
            "timeouts": null,
            "virtual_machine_id": ""
          },
          "sensitive_attributes": [],
          "private": "eyJlMmJmYjczMC1lY2FhLTExZTYtOGY4OC0zNDM2M2JjN2M0YzAiOnsiY3JlYXRlIjoxODAwMDAwMDAwMDAwLCJkZWxldGUiOjE4MDAwMDAwMDAwMDAsInJlYWQiOjMwMDAwMDAwMDAwMCwidXBkYXRlIjoxODAwMDAwMDAwMDAwfX0=",
          "dependencies": [
            "module.vm1.azurerm_public_ip.myterraformpublicip",
            "module.vm1.azurerm_resource_group.myterraformgroup",
            "module.vm1.azurerm_subnet.myterraformsubnet",
            "module.vm1.azurerm_virtual_network.myterraformnetwork"
          ]
        }
      ]
    },
    {
      "module": "module.vm1",
      "mode": "managed",
      "type": "azurerm_network_interface_security_group_association",
      "name": "example",
      "provider": "provider[\"registry.terraform.io/hashicorp/azurerm\"]",
      "instances": [
        {
          "schema_version": 0,
          "attributes": {
            "id": "/subscriptions/e0b47bea-67c1-44d3-a3ae-a494d59ab222/resourceGroups/saurabh-rg/providers/Microsoft.Network/networkInterfaces/myNic|/subscriptions/e0b47bea-67c1-44d3-a3ae-a494d59ab222/resourceGroups/saurabh-rg/providers/Microsoft.Network/networkSecurityGroups/myNsg",
            "network_interface_id": "/subscriptions/e0b47bea-67c1-44d3-a3ae-a494d59ab222/resourceGroups/saurabh-rg/providers/Microsoft.Network/networkInterfaces/myNic",
            "network_security_group_id": "/subscriptions/e0b47bea-67c1-44d3-a3ae-a494d59ab222/resourceGroups/saurabh-rg/providers/Microsoft.Network/networkSecurityGroups/myNsg",
            "timeouts": null
          },
          "sensitive_attributes": [],
          "private": "eyJlMmJmYjczMC1lY2FhLTExZTYtOGY4OC0zNDM2M2JjN2M0YzAiOnsiY3JlYXRlIjoxODAwMDAwMDAwMDAwLCJkZWxldGUiOjE4MDAwMDAwMDAwMDAsInJlYWQiOjMwMDAwMDAwMDAwMCwidXBkYXRlIjoxODAwMDAwMDAwMDAwfX0=",
          "dependencies": [
            "module.vm1.azurerm_network_interface.myterraformnic",
            "module.vm1.azurerm_network_security_group.myterraformnsg",
            "module.vm1.azurerm_public_ip.myterraformpublicip",
            "module.vm1.azurerm_resource_group.myterraformgroup",
            "module.vm1.azurerm_subnet.myterraformsubnet",
            "module.vm1.azurerm_virtual_network.myterraformnetwork"
          ]
        }
      ]
    },
    {
      "module": "module.vm1",
      "mode": "managed",
      "type": "azurerm_network_security_group",
      "name": "myterraformnsg",
      "provider": "provider[\"registry.terraform.io/hashicorp/azurerm\"]",
      "instances": [
        {
          "schema_version": 0,
          "attributes": {
            "id": "/subscriptions/e0b47bea-67c1-44d3-a3ae-a494d59ab222/resourceGroups/saurabh-rg/providers/Microsoft.Network/networkSecurityGroups/myNsg",
            "location": "westeurope",
            "name": "myNsg",
            "resource_group_name": "saurabh-rg",
            "security_rule": [
              {
                "access": "Allow",
                "description": "",
                "destination_address_prefix": "*",
                "destination_address_prefixes": [],
                "destination_application_security_group_ids": [],
                "destination_port_range": "22",
                "destination_port_ranges": [],
                "direction": "Inbound",
                "name": "SSH",
                "priority": 1001,
                "protocol": "Tcp",
                "source_address_prefix": "*",
                "source_address_prefixes": [],
                "source_application_security_group_ids": [],
                "source_port_range": "*",
                "source_port_ranges": []
              }
            ],
            "tags": {
              "env": "test"
            },
            "timeouts": null
          },
          "sensitive_attributes": [],
          "private": "eyJlMmJmYjczMC1lY2FhLTExZTYtOGY4OC0zNDM2M2JjN2M0YzAiOnsiY3JlYXRlIjoxODAwMDAwMDAwMDAwLCJkZWxldGUiOjE4MDAwMDAwMDAwMDAsInJlYWQiOjMwMDAwMDAwMDAwMCwidXBkYXRlIjoxODAwMDAwMDAwMDAwfX0=",
          "dependencies": [
            "module.vm1.azurerm_resource_group.myterraformgroup"
          ]
        }
      ]
    },
    {
      "module": "module.vm1",
      "mode": "managed",
      "type": "azurerm_public_ip",
      "name": "myterraformpublicip",
      "provider": "provider[\"registry.terraform.io/hashicorp/azurerm\"]",
      "instances": [
        {
          "schema_version": 0,
          "attributes": {
            "allocation_method": "Dynamic",
            "ddos_protection_mode": "VirtualNetworkInherited",
            "ddos_protection_plan_id": null,
            "domain_name_label": null,
            "edge_zone": "",
            "fqdn": null,
            "id": "/subscriptions/e0b47bea-67c1-44d3-a3ae-a494d59ab222/resourceGroups/saurabh-rg/providers/Microsoft.Network/publicIPAddresses/myPublicIpAddress",
            "idle_timeout_in_minutes": 4,
            "ip_address": "",
            "ip_tags": null,
            "ip_version": "IPv4",
            "location": "westeurope",
            "name": "myPublicIpAddress",
            "public_ip_prefix_id": null,
            "resource_group_name": "saurabh-rg",
            "reverse_fqdn": null,
            "sku": "Basic",
            "sku_tier": "Regional",
            "tags": {
              "env": "test"
            },
            "timeouts": null,
            "zones": null
          },
          "sensitive_attributes": [],
          "private": "eyJlMmJmYjczMC1lY2FhLTExZTYtOGY4OC0zNDM2M2JjN2M0YzAiOnsiY3JlYXRlIjoxODAwMDAwMDAwMDAwLCJkZWxldGUiOjE4MDAwMDAwMDAwMDAsInJlYWQiOjMwMDAwMDAwMDAwMCwidXBkYXRlIjoxODAwMDAwMDAwMDAwfX0=",
          "dependencies": [
            "module.vm1.azurerm_resource_group.myterraformgroup"
          ]
        }
      ]
    },
    {
      "module": "module.vm1",
      "mode": "managed",
      "type": "azurerm_resource_group",
      "name": "myterraformgroup",
      "provider": "provider[\"registry.terraform.io/hashicorp/azurerm\"]",
      "instances": [
        {
          "schema_version": 0,
          "attributes": {
            "id": "/subscriptions/e0b47bea-67c1-44d3-a3ae-a494d59ab222/resourceGroups/saurabh-rg",
            "location": "westeurope",
            "managed_by": "",
            "name": "saurabh-rg",
            "tags": {
              "env": "test"
            },
            "timeouts": null
          },
          "sensitive_attributes": [],
          "private": "eyJlMmJmYjczMC1lY2FhLTExZTYtOGY4OC0zNDM2M2JjN2M0YzAiOnsiY3JlYXRlIjo1NDAwMDAwMDAwMDAwLCJkZWxldGUiOjU0MDAwMDAwMDAwMDAsInJlYWQiOjMwMDAwMDAwMDAwMCwidXBkYXRlIjo1NDAwMDAwMDAwMDAwfX0="
        }
      ]
    },
    {
      "module": "module.vm1",
      "mode": "managed",
      "type": "azurerm_storage_account",
      "name": "mystorageaccount",
      "provider": "provider[\"registry.terraform.io/hashicorp/azurerm\"]",
      "instances": [
        {
          "schema_version": 4,
          "attributes": {
            "access_tier": "Hot",
            "account_kind": "StorageV2",
            "account_replication_type": "LRS",
            "account_tier": "Standard",
            "allow_nested_items_to_be_public": true,
            "allowed_copy_scope": "",
            "azure_files_authentication": [],
            "blob_properties": [
              {
                "change_feed_enabled": false,
                "change_feed_retention_in_days": 0,
                "container_delete_retention_policy": [],
                "cors_rule": [],
                "default_service_version": "",
                "delete_retention_policy": [],
                "last_access_time_enabled": false,
                "restore_policy": [],
                "versioning_enabled": false
              }
            ],
            "cross_tenant_replication_enabled": true,
            "custom_domain": [],
            "customer_managed_key": [],
            "default_to_oauth_authentication": false,
            "edge_zone": "",
            "enable_https_traffic_only": true,
            "id": "/subscriptions/e0b47bea-67c1-44d3-a3ae-a494d59ab222/resourceGroups/saurabh-rg/providers/Microsoft.Storage/storageAccounts/diagcf5b9d5eb41c0001",
            "identity": [],
            "immutability_policy": [],
            "infrastructure_encryption_enabled": false,
            "is_hns_enabled": false,
            "large_file_share_enabled": null,
            "location": "westeurope",
            "min_tls_version": "TLS1_2",
            "name": "diagcf5b9d5eb41c0001",
            "network_rules": [
              {
                "bypass": [
                  "AzureServices"
                ],
                "default_action": "Allow",
                "ip_rules": [],
                "private_link_access": [],
                "virtual_network_subnet_ids": []
              }
            ],
            "nfsv3_enabled": false,
            "primary_access_key": "wuJXC1VCcBIh5+MkGHBhoQFCIQ/PrtBSHvHmlt/tucZSamxrwu17mhbIZUq+S0oUfAiZehuz3A/j+AStHwsDZA==",
            "primary_blob_connection_string": "DefaultEndpointsProtocol=https;BlobEndpoint=https://diagcf5b9d5eb41c0001.blob.core.windows.net/;AccountName=diagcf5b9d5eb41c0001;AccountKey=wuJXC1VCcBIh5+MkGHBhoQFCIQ/PrtBSHvHmlt/tucZSamxrwu17mhbIZUq+S0oUfAiZehuz3A/j+AStHwsDZA==",
            "primary_blob_endpoint": "https://diagcf5b9d5eb41c0001.blob.core.windows.net/",
            "primary_blob_host": "diagcf5b9d5eb41c0001.blob.core.windows.net",
            "primary_connection_string": "DefaultEndpointsProtocol=https;AccountName=diagcf5b9d5eb41c0001;AccountKey=wuJXC1VCcBIh5+MkGHBhoQFCIQ/PrtBSHvHmlt/tucZSamxrwu17mhbIZUq+S0oUfAiZehuz3A/j+AStHwsDZA==;EndpointSuffix=core.windows.net",
            "primary_dfs_endpoint": "https://diagcf5b9d5eb41c0001.dfs.core.windows.net/",
            "primary_dfs_host": "diagcf5b9d5eb41c0001.dfs.core.windows.net",
            "primary_file_endpoint": "https://diagcf5b9d5eb41c0001.file.core.windows.net/",
            "primary_file_host": "diagcf5b9d5eb41c0001.file.core.windows.net",
            "primary_location": "westeurope",
            "primary_queue_endpoint": "https://diagcf5b9d5eb41c0001.queue.core.windows.net/",
            "primary_queue_host": "diagcf5b9d5eb41c0001.queue.core.windows.net",
            "primary_table_endpoint": "https://diagcf5b9d5eb41c0001.table.core.windows.net/",
            "primary_table_host": "diagcf5b9d5eb41c0001.table.core.windows.net",
            "primary_web_endpoint": "https://diagcf5b9d5eb41c0001.z6.web.core.windows.net/",
            "primary_web_host": "diagcf5b9d5eb41c0001.z6.web.core.windows.net",
            "public_network_access_enabled": true,
            "queue_encryption_key_type": "Service",
            "queue_properties": [
              {
                "cors_rule": [],
                "hour_metrics": [
                  {
                    "enabled": true,
                    "include_apis": true,
                    "retention_policy_days": 7,
                    "version": "1.0"
                  }
                ],
                "logging": [
                  {
                    "delete": false,
                    "read": false,
                    "retention_policy_days": 0,
                    "version": "1.0",
                    "write": false
                  }
                ],
                "minute_metrics": [
                  {
                    "enabled": false,
                    "include_apis": false,
                    "retention_policy_days": 0,
                    "version": "1.0"
                  }
                ]
              }
            ],
            "resource_group_name": "saurabh-rg",
            "routing": [],
            "sas_policy": [],
            "secondary_access_key": "sMQsDC19jITa6sy56jznIDRA71vBBcONborVoZw+HjWwjIlqvVDtDMMP4hXVJEWQqqe+dLeYYq7d+AStCIBWLw==",
            "secondary_blob_connection_string": "",
            "secondary_blob_endpoint": null,
            "secondary_blob_host": null,
            "secondary_connection_string": "DefaultEndpointsProtocol=https;AccountName=diagcf5b9d5eb41c0001;AccountKey=sMQsDC19jITa6sy56jznIDRA71vBBcONborVoZw+HjWwjIlqvVDtDMMP4hXVJEWQqqe+dLeYYq7d+AStCIBWLw==;EndpointSuffix=core.windows.net",
            "secondary_dfs_endpoint": null,
            "secondary_dfs_host": null,
            "secondary_file_endpoint": null,
            "secondary_file_host": null,
            "secondary_location": "",
            "secondary_queue_endpoint": null,
            "secondary_queue_host": null,
            "secondary_table_endpoint": null,
            "secondary_table_host": null,
            "secondary_web_endpoint": null,
            "secondary_web_host": null,
            "sftp_enabled": false,
            "share_properties": [
              {
                "cors_rule": [],
                "retention_policy": [
                  {
                    "days": 7
                  }
                ],
                "smb": []
              }
            ],
            "shared_access_key_enabled": true,
            "static_website": [],
            "table_encryption_key_type": "Service",
            "tags": {
              "env": "test"
            },
            "timeouts": null
          },
          "sensitive_attributes": [],
          "private": "eyJlMmJmYjczMC1lY2FhLTExZTYtOGY4OC0zNDM2M2JjN2M0YzAiOnsiY3JlYXRlIjozNjAwMDAwMDAwMDAwLCJkZWxldGUiOjM2MDAwMDAwMDAwMDAsInJlYWQiOjMwMDAwMDAwMDAwMCwidXBkYXRlIjozNjAwMDAwMDAwMDAwfSwic2NoZW1hX3ZlcnNpb24iOiI0In0=",
          "dependencies": [
            "module.vm1.azurerm_resource_group.myterraformgroup",
            "module.vm1.random_id.randomId"
          ]
        }
      ]
    },
    {
      "module": "module.vm1",
      "mode": "managed",
      "type": "azurerm_subnet",
      "name": "myterraformsubnet",
      "provider": "provider[\"registry.terraform.io/hashicorp/azurerm\"]",
      "instances": [
        {
          "schema_version": 0,
          "attributes": {
            "address_prefixes": [
              "10.0.2.0/24"
            ],
            "delegation": [],
            "enforce_private_link_endpoint_network_policies": false,
            "enforce_private_link_service_network_policies": false,
            "id": "/subscriptions/e0b47bea-67c1-44d3-a3ae-a494d59ab222/resourceGroups/saurabh-rg/providers/Microsoft.Network/virtualNetworks/myVnet/subnets/mySubnet",
            "name": "mySubnet",
            "private_endpoint_network_policies_enabled": true,
            "private_link_service_network_policies_enabled": true,
            "resource_group_name": "saurabh-rg",
            "service_endpoint_policy_ids": null,
            "service_endpoints": null,
            "timeouts": null,
            "virtual_network_name": "myVnet"
          },
          "sensitive_attributes": [],
          "private": "eyJlMmJmYjczMC1lY2FhLTExZTYtOGY4OC0zNDM2M2JjN2M0YzAiOnsiY3JlYXRlIjoxODAwMDAwMDAwMDAwLCJkZWxldGUiOjE4MDAwMDAwMDAwMDAsInJlYWQiOjMwMDAwMDAwMDAwMCwidXBkYXRlIjoxODAwMDAwMDAwMDAwfX0=",
          "dependencies": [
            "module.vm1.azurerm_resource_group.myterraformgroup",
            "module.vm1.azurerm_virtual_network.myterraformnetwork"
          ]
        }
      ]
    },
    {
      "module": "module.vm1",
      "mode": "managed",
      "type": "azurerm_virtual_network",
      "name": "myterraformnetwork",
      "provider": "provider[\"registry.terraform.io/hashicorp/azurerm\"]",
      "instances": [
        {
          "schema_version": 0,
          "attributes": {
            "address_space": [
              "10.0.0.0/16"
            ],
            "bgp_community": "",
            "ddos_protection_plan": [],
            "dns_servers": [],
            "edge_zone": "",
            "encryption": [],
            "flow_timeout_in_minutes": 0,
            "guid": "e5e3459a-947e-4696-a708-a5fe2e331eac",
            "id": "/subscriptions/e0b47bea-67c1-44d3-a3ae-a494d59ab222/resourceGroups/saurabh-rg/providers/Microsoft.Network/virtualNetworks/myVnet",
            "location": "westeurope",
            "name": "myVnet",
            "resource_group_name": "saurabh-rg",
            "subnet": [],
            "tags": {
              "env": "test"
            },
            "timeouts": null
          },
          "sensitive_attributes": [],
          "private": "eyJlMmJmYjczMC1lY2FhLTExZTYtOGY4OC0zNDM2M2JjN2M0YzAiOnsiY3JlYXRlIjoxODAwMDAwMDAwMDAwLCJkZWxldGUiOjE4MDAwMDAwMDAwMDAsInJlYWQiOjMwMDAwMDAwMDAwMCwidXBkYXRlIjoxODAwMDAwMDAwMDAwfX0=",
          "dependencies": [
            "module.vm1.azurerm_resource_group.myterraformgroup"
          ]
        }
      ]
    },
    {
      "module": "module.vm1",
      "mode": "managed",
      "type": "random_id",
      "name": "randomId",
      "provider": "provider[\"registry.terraform.io/hashicorp/random\"]",
      "instances": [
        {
          "schema_version": 0,
          "attributes": {
            "b64_std": "z1udXrQcAAE=",
            "b64_url": "z1udXrQcAAE",
            "byte_length": 8,
            "dec": "14941709218805972993",
            "hex": "cf5b9d5eb41c0001",
            "id": "z1udXrQcAAE",
            "keepers": {
              "resource_group": "saurabh-rg"
            },
            "prefix": null
          },
          "sensitive_attributes": [],
          "dependencies": [
            "module.vm1.azurerm_resource_group.myterraformgroup"
          ]
        }
      ]
    }
  ],
  "check_results": null
}
